
Microsoft Visual Studio Solution File, Format Version 12.00
# Visual Studio Version 17
VisualStudioVersion = 17.10.34928.147
MinimumVisualStudioVersion = 10.0.40219.1
Project("{2150E333-8FDC-42A3-9474-1A3956D46DE8}") = "Solution Items", "Solution Items", "{CE02EC52-9AC6-4FD8-B4AE-DC629E9C5B96}"
	ProjectSection(SolutionItems) = preProject
		..\ReadMe.md = ..\ReadMe.md
	EndProjectSection
EndProject
Project("{9A19103F-16F7-4668-BE54-9A1E7A4F7556}") = "PersonalRecord.Domain", "PersonalRecord.Domain\PersonalRecord.Domain.csproj", "{00A9BA8E-E0C2-4D87-B55C-72A663D76912}"
EndProject
Project("{2150E333-8FDC-42A3-9474-1A3956D46DE8}") = "workflows", "workflows", "{9F7D08CB-6927-490E-BCC6-38E388CF7E56}"
	ProjectSection(SolutionItems) = preProject
		..\.github\workflows\build.yml = ..\.github\workflows\build.yml
		..\.github\workflows\ci.yml = ..\.github\workflows\ci.yml
	EndProjectSection
EndProject
Global
	GlobalSection(SolutionConfigurationPlatforms) = preSolution
		Debug|Any CPU = Debug|Any CPU
		Release|Any CPU = Release|Any CPU
	EndGlobalSection
	GlobalSection(ProjectConfigurationPlatforms) = postSolution
		{00A9BA8E-E0C2-4D87-B55C-72A663D76912}.Debug|Any CPU.ActiveCfg = Debug|Any CPU
		{00A9BA8E-E0C2-4D87-B55C-72A663D76912}.Debug|Any CPU.Build.0 = Debug|Any CPU
		{00A9BA8E-E0C2-4D87-B55C-72A663D76912}.Release|Any CPU.ActiveCfg = Release|Any CPU
		{00A9BA8E-E0C2-4D87-B55C-72A663D76912}.Release|Any CPU.Build.0 = Release|Any CPU
	EndGlobalSection
	GlobalSection(SolutionProperties) = preSolution
		HideSolutionNode = FALSE
	EndGlobalSection
	GlobalSection(NestedProjects) = preSolution
		{9F7D08CB-6927-490E-BCC6-38E388CF7E56} = {CE02EC52-9AC6-4FD8-B4AE-DC629E9C5B96}
	EndGlobalSection
	GlobalSection(ExtensibilityGlobals) = postSolution
		SolutionGuid = {54FF06A5-BF88-4331-BF5F-F6E8C97895F7}
	EndGlobalSection
EndGlobal
